
Microsoft Visual Studio Solution File, Format Version 12.00
# Visual Studio Version 16
VisualStudioVersion = 16.0.31019.35
MinimumVisualStudioVersion = 10.0.40219.1
Project("{FAE04EC0-301F-11D3-BF4B-00C04F79EFBC}") = "NeinteenFlowerProject", "NeinteenFlowerProject\NeinteenFlowerProject.csproj", "{30A4866C-AA3A-41A1-AC9F-C9715D32DF74}"
EndProject
Global
	GlobalSection(SolutionConfigurationPlatforms) = preSolution
		Debug|Any CPU = Debug|Any CPU
		Release|Any CPU = Release|Any CPU
	EndGlobalSection
	GlobalSection(ProjectConfigurationPlatforms) = postSolution
		{30A4866C-AA3A-41A1-AC9F-C9715D32DF74}.Debug|Any CPU.ActiveCfg = Debug|Any CPU
		{30A4866C-AA3A-41A1-AC9F-C9715D32DF74}.Debug|Any CPU.Build.0 = Debug|Any CPU
		{30A4866C-AA3A-41A1-AC9F-C9715D32DF74}.Release|Any CPU.ActiveCfg = Release|Any CPU
		{30A4866C-AA3A-41A1-AC9F-C9715D32DF74}.Release|Any CPU.Build.0 = Release|Any CPU
	EndGlobalSection
	GlobalSection(SolutionProperties) = preSolution
		HideSolutionNode = FALSE
	EndGlobalSection
	GlobalSection(ExtensibilityGlobals) = postSolution
		SolutionGuid = {00B6A546-E3CB-4CFD-B879-50D4F100BD03}
	EndGlobalSection
EndGlobal
